
Microsoft Visual Studio Solution File, Format Version 12.00
# Visual Studio 2012
Project("{FAE04EC0-301F-11D3-BF4B-00C04F79EFBC}") = "SQLLocalDBBlogPost2", "SQLLocalDBBlogPost2\SQLLocalDBBlogPost2.csproj", "{DD6269B0-EB35-41FC-8D74-619E4B70F891}"
EndProject
Project("{FAE04EC0-301F-11D3-BF4B-00C04F79EFBC}") = "SQLLocalDBUnitTests", "SQLLocalDBUnitTests\SQLLocalDBUnitTests.csproj", "{B461A9FF-ADAC-46E3-95C4-027D9254A120}"
EndProject
Global
	GlobalSection(SolutionConfigurationPlatforms) = preSolution
		Debug|Any CPU = Debug|Any CPU
		Release|Any CPU = Release|Any CPU
	EndGlobalSection
	GlobalSection(ProjectConfigurationPlatforms) = postSolution
		{DD6269B0-EB35-41FC-8D74-619E4B70F891}.Debug|Any CPU.ActiveCfg = Debug|Any CPU
		{DD6269B0-EB35-41FC-8D74-619E4B70F891}.Debug|Any CPU.Build.0 = Debug|Any CPU
		{DD6269B0-EB35-41FC-8D74-619E4B70F891}.Release|Any CPU.ActiveCfg = Release|Any CPU
		{DD6269B0-EB35-41FC-8D74-619E4B70F891}.Release|Any CPU.Build.0 = Release|Any CPU
		{B461A9FF-ADAC-46E3-95C4-027D9254A120}.Debug|Any CPU.ActiveCfg = Debug|Any CPU
		{B461A9FF-ADAC-46E3-95C4-027D9254A120}.Debug|Any CPU.Build.0 = Debug|Any CPU
		{B461A9FF-ADAC-46E3-95C4-027D9254A120}.Release|Any CPU.ActiveCfg = Release|Any CPU
		{B461A9FF-ADAC-46E3-95C4-027D9254A120}.Release|Any CPU.Build.0 = Release|Any CPU
	EndGlobalSection
	GlobalSection(SolutionProperties) = preSolution
		HideSolutionNode = FALSE
	EndGlobalSection
EndGlobal
